
Microsoft Visual Studio Solution File, Format Version 12.00
# Visual Studio Version 16
VisualStudioVersion = 16.0.30621.155
MinimumVisualStudioVersion = 10.0.40219.1
Project("{9A19103F-16F7-4668-BE54-9A1E7A4F7556}") = "WebAPI_03_Load_Related_Data", "WebAPI_03_Load_Related_Data.csproj", "{5728255E-48B2-45D7-91D4-3D9E81658BBC}"
EndProject
Global
	GlobalSection(SolutionConfigurationPlatforms) = preSolution
		Debug|Any CPU = Debug|Any CPU
		Release|Any CPU = Release|Any CPU
	EndGlobalSection
	GlobalSection(ProjectConfigurationPlatforms) = postSolution
		{5728255E-48B2-45D7-91D4-3D9E81658BBC}.Debug|Any CPU.ActiveCfg = Debug|Any CPU
		{5728255E-48B2-45D7-91D4-3D9E81658BBC}.Debug|Any CPU.Build.0 = Debug|Any CPU
		{5728255E-48B2-45D7-91D4-3D9E81658BBC}.Release|Any CPU.ActiveCfg = Release|Any CPU
		{5728255E-48B2-45D7-91D4-3D9E81658BBC}.Release|Any CPU.Build.0 = Release|Any CPU
	EndGlobalSection
	GlobalSection(SolutionProperties) = preSolution
		HideSolutionNode = FALSE
	EndGlobalSection
	GlobalSection(ExtensibilityGlobals) = postSolution
		SolutionGuid = {64E49989-E71B-45EE-B4C0-D34A118D27C4}
	EndGlobalSection
EndGlobal
