
Microsoft Visual Studio Solution File, Format Version 12.00
# Visual Studio Version 16
VisualStudioVersion = 16.0.30621.155
MinimumVisualStudioVersion = 10.0.40219.1
Project("{FAE04EC0-301F-11D3-BF4B-00C04F79EFBC}") = "WebAPI_01", "WebAPI_01\WebAPI_01.csproj", "{29DD4F69-75DC-417A-8F45-EBA3E78C78DF}"
EndProject
Global
	GlobalSection(SolutionConfigurationPlatforms) = preSolution
		Debug|Any CPU = Debug|Any CPU
		Release|Any CPU = Release|Any CPU
	EndGlobalSection
	GlobalSection(ProjectConfigurationPlatforms) = postSolution
		{29DD4F69-75DC-417A-8F45-EBA3E78C78DF}.Debug|Any CPU.ActiveCfg = Debug|Any CPU
		{29DD4F69-75DC-417A-8F45-EBA3E78C78DF}.Debug|Any CPU.Build.0 = Debug|Any CPU
		{29DD4F69-75DC-417A-8F45-EBA3E78C78DF}.Release|Any CPU.ActiveCfg = Release|Any CPU
		{29DD4F69-75DC-417A-8F45-EBA3E78C78DF}.Release|Any CPU.Build.0 = Release|Any CPU
	EndGlobalSection
	GlobalSection(SolutionProperties) = preSolution
		HideSolutionNode = FALSE
	EndGlobalSection
	GlobalSection(ExtensibilityGlobals) = postSolution
		SolutionGuid = {B58A72D5-73B6-48A7-87E7-20DE5DF5A1D2}
	EndGlobalSection
EndGlobal
